
Microsoft Visual Studio Solution File, Format Version 12.00
# Visual Studio Version 17
VisualStudioVersion = 17.0.32014.148
MinimumVisualStudioVersion = 10.0.40219.1
Project("{9A19103F-16F7-4668-BE54-9A1E7A4F7556}") = "BugTrackerAPI", "BugTrackerAPI\BugTrackerAPI.csproj", "{D6856151-0777-47DF-9708-1350337AF9C7}"
EndProject
Project("{E53339B2-1760-4266-BCC7-CA923CBCF16C}") = "docker-compose", "docker-compose.dcproj", "{65F7E6D6-F802-49BF-91AB-938CA6DD2221}"
EndProject
Global
	GlobalSection(SolutionConfigurationPlatforms) = preSolution
		Debug|Any CPU = Debug|Any CPU
		Release|Any CPU = Release|Any CPU
	EndGlobalSection
	GlobalSection(ProjectConfigurationPlatforms) = postSolution
		{D6856151-0777-47DF-9708-1350337AF9C7}.Debug|Any CPU.ActiveCfg = Debug|Any CPU
		{D6856151-0777-47DF-9708-1350337AF9C7}.Debug|Any CPU.Build.0 = Debug|Any CPU
		{D6856151-0777-47DF-9708-1350337AF9C7}.Release|Any CPU.ActiveCfg = Release|Any CPU
		{D6856151-0777-47DF-9708-1350337AF9C7}.Release|Any CPU.Build.0 = Release|Any CPU
		{65F7E6D6-F802-49BF-91AB-938CA6DD2221}.Debug|Any CPU.ActiveCfg = Debug|Any CPU
		{65F7E6D6-F802-49BF-91AB-938CA6DD2221}.Debug|Any CPU.Build.0 = Debug|Any CPU
		{65F7E6D6-F802-49BF-91AB-938CA6DD2221}.Release|Any CPU.ActiveCfg = Release|Any CPU
		{65F7E6D6-F802-49BF-91AB-938CA6DD2221}.Release|Any CPU.Build.0 = Release|Any CPU
	EndGlobalSection
	GlobalSection(SolutionProperties) = preSolution
		HideSolutionNode = FALSE
	EndGlobalSection
	GlobalSection(ExtensibilityGlobals) = postSolution
		SolutionGuid = {CB4E5B2F-8FE8-4032-983E-78771F00BDD6}
	EndGlobalSection
EndGlobal
